
Microsoft Visual Studio Solution File, Format Version 12.00
# Visual Studio 2013
VisualStudioVersion = 12.0.21005.1
MinimumVisualStudioVersion = 10.0.40219.1
Project("{FAE04EC0-301F-11D3-BF4B-00C04F79EFBC}") = "STHM", "STHM\STHM.csproj", "{82792F42-110A-4420-8A1E-AAE39517A804}"
EndProject
Project("{FAE04EC0-301F-11D3-BF4B-00C04F79EFBC}") = "CreateKey", "Create-key\CreateKey.csproj", "{9CD883DD-62A7-44B1-8093-E1B0765FC28B}"
EndProject
Project("{FAE04EC0-301F-11D3-BF4B-00C04F79EFBC}") = "Meter", "Meter\Meter.csproj", "{DAA20133-C4CB-439F-A9FF-674020F97D80}"
EndProject
Global
	GlobalSection(SolutionConfigurationPlatforms) = preSolution
		Debug|Any CPU = Debug|Any CPU
		Release|Any CPU = Release|Any CPU
	EndGlobalSection
	GlobalSection(ProjectConfigurationPlatforms) = postSolution
		{82792F42-110A-4420-8A1E-AAE39517A804}.Debug|Any CPU.ActiveCfg = Debug|Any CPU
		{82792F42-110A-4420-8A1E-AAE39517A804}.Debug|Any CPU.Build.0 = Debug|Any CPU
		{82792F42-110A-4420-8A1E-AAE39517A804}.Release|Any CPU.ActiveCfg = Release|Any CPU
		{82792F42-110A-4420-8A1E-AAE39517A804}.Release|Any CPU.Build.0 = Release|Any CPU
		{9CD883DD-62A7-44B1-8093-E1B0765FC28B}.Debug|Any CPU.ActiveCfg = Debug|Any CPU
		{9CD883DD-62A7-44B1-8093-E1B0765FC28B}.Debug|Any CPU.Build.0 = Debug|Any CPU
		{9CD883DD-62A7-44B1-8093-E1B0765FC28B}.Release|Any CPU.ActiveCfg = Release|Any CPU
		{9CD883DD-62A7-44B1-8093-E1B0765FC28B}.Release|Any CPU.Build.0 = Release|Any CPU
		{DAA20133-C4CB-439F-A9FF-674020F97D80}.Debug|Any CPU.ActiveCfg = Debug|Any CPU
		{DAA20133-C4CB-439F-A9FF-674020F97D80}.Debug|Any CPU.Build.0 = Debug|Any CPU
		{DAA20133-C4CB-439F-A9FF-674020F97D80}.Release|Any CPU.ActiveCfg = Release|Any CPU
		{DAA20133-C4CB-439F-A9FF-674020F97D80}.Release|Any CPU.Build.0 = Release|Any CPU
	EndGlobalSection
	GlobalSection(SolutionProperties) = preSolution
		HideSolutionNode = FALSE
	EndGlobalSection
EndGlobal
